
Microsoft Visual Studio Solution File, Format Version 12.00
Project("{FAE04EC0-301F-11D3-BF4B-00C04F79EFBC}") = "Num_1_Patterns", "Num_1_Patterns\Num_1_Patterns.csproj", "{B30D6315-0207-4B31-A533-9D9F94C508E3}"
EndProject
Project("{FAE04EC0-301F-11D3-BF4B-00C04F79EFBC}") = "Num_2_Pipelines", "Num_2_Pipelines\Num_2_Pipelines.csproj", "{C5A28B09-799C-470C-956B-29A0D8EF0936}"
EndProject
Project("{FAE04EC0-301F-11D3-BF4B-00C04F79EFBC}") = "Num_3_ExtendingLinq", "Num_3_ExtendingLinq\Num_3_ExtendingLinq.csproj", "{A78B7420-EDD7-4EA3-BC78-03451BBEADFB}"
EndProject
Global
	GlobalSection(SolutionConfigurationPlatforms) = preSolution
		Debug|Any CPU = Debug|Any CPU
		Release|Any CPU = Release|Any CPU
	EndGlobalSection
	GlobalSection(ProjectConfigurationPlatforms) = postSolution
		{B30D6315-0207-4B31-A533-9D9F94C508E3}.Debug|Any CPU.ActiveCfg = Debug|Any CPU
		{B30D6315-0207-4B31-A533-9D9F94C508E3}.Debug|Any CPU.Build.0 = Debug|Any CPU
		{B30D6315-0207-4B31-A533-9D9F94C508E3}.Release|Any CPU.ActiveCfg = Release|Any CPU
		{B30D6315-0207-4B31-A533-9D9F94C508E3}.Release|Any CPU.Build.0 = Release|Any CPU
		{C5A28B09-799C-470C-956B-29A0D8EF0936}.Debug|Any CPU.ActiveCfg = Debug|Any CPU
		{C5A28B09-799C-470C-956B-29A0D8EF0936}.Debug|Any CPU.Build.0 = Debug|Any CPU
		{C5A28B09-799C-470C-956B-29A0D8EF0936}.Release|Any CPU.ActiveCfg = Release|Any CPU
		{C5A28B09-799C-470C-956B-29A0D8EF0936}.Release|Any CPU.Build.0 = Release|Any CPU
		{A78B7420-EDD7-4EA3-BC78-03451BBEADFB}.Debug|Any CPU.ActiveCfg = Debug|Any CPU
		{A78B7420-EDD7-4EA3-BC78-03451BBEADFB}.Debug|Any CPU.Build.0 = Debug|Any CPU
		{A78B7420-EDD7-4EA3-BC78-03451BBEADFB}.Release|Any CPU.ActiveCfg = Release|Any CPU
		{A78B7420-EDD7-4EA3-BC78-03451BBEADFB}.Release|Any CPU.Build.0 = Release|Any CPU
	EndGlobalSection
EndGlobal
