
Microsoft Visual Studio Solution File, Format Version 12.00
Project("{FAE04EC0-301F-11D3-BF4B-00C04F79EFBC}") = "Num_1_Patterns", "Num_1_Patterns\Num_1_Patterns.csproj", "{B30D6315-0207-4B31-A533-9D9F94C508E3}"
EndProject
Global
	GlobalSection(SolutionConfigurationPlatforms) = preSolution
		Debug|Any CPU = Debug|Any CPU
		Release|Any CPU = Release|Any CPU
	EndGlobalSection
	GlobalSection(ProjectConfigurationPlatforms) = postSolution
		{B30D6315-0207-4B31-A533-9D9F94C508E3}.Debug|Any CPU.ActiveCfg = Debug|Any CPU
		{B30D6315-0207-4B31-A533-9D9F94C508E3}.Debug|Any CPU.Build.0 = Debug|Any CPU
		{B30D6315-0207-4B31-A533-9D9F94C508E3}.Release|Any CPU.ActiveCfg = Release|Any CPU
		{B30D6315-0207-4B31-A533-9D9F94C508E3}.Release|Any CPU.Build.0 = Release|Any CPU
	EndGlobalSection
EndGlobal
